
Microsoft Visual Studio Solution File, Format Version 12.00
Project("{FAE04EC0-301F-11D3-BF4B-00C04F79EFBC}") = "PersonService", "PersonService\PersonService.csproj", "{62BA60F3-F04B-4FD4-8F4F-D342AFCBCF6A}"
EndProject
Project("{2150E333-8FDC-42A3-9474-1A3956D46DE8}") = "Solution Items", "Solution Items", "{97F65F8D-B5B7-4ABA-9092-23A3A41DA251}"
EndProject
Project("{FAE04EC0-301F-11D3-BF4B-00C04F79EFBC}") = "PersonService.Tests", "PersonService.Tests\PersonService.Tests.csproj", "{74A62A32-D5F3-4E42-BF9E-0A6A9E17FF0B}"
EndProject
Project("{FAE04EC0-301F-11D3-BF4B-00C04F79EFBC}") = "PersonService.API", "PersonService.API\PersonService.API.csproj", "{2CF61EA3-6887-4780-9962-B329122A83CD}"
EndProject
Project("{FAE04EC0-301F-11D3-BF4B-00C04F79EFBC}") = "PersonService.API", "src\PersonService.API\PersonService.API.csproj", "{8EBBCE9E-1E5C-4D0D-95AF-21832363BC85}"
EndProject
Global
	GlobalSection(SolutionConfigurationPlatforms) = preSolution
		Debug|Any CPU = Debug|Any CPU
		Release|Any CPU = Release|Any CPU
	EndGlobalSection
	GlobalSection(ProjectConfigurationPlatforms) = postSolution
		{62BA60F3-F04B-4FD4-8F4F-D342AFCBCF6A}.Debug|Any CPU.ActiveCfg = Debug|Any CPU
		{62BA60F3-F04B-4FD4-8F4F-D342AFCBCF6A}.Debug|Any CPU.Build.0 = Debug|Any CPU
		{62BA60F3-F04B-4FD4-8F4F-D342AFCBCF6A}.Release|Any CPU.ActiveCfg = Release|Any CPU
		{62BA60F3-F04B-4FD4-8F4F-D342AFCBCF6A}.Release|Any CPU.Build.0 = Release|Any CPU
		{74A62A32-D5F3-4E42-BF9E-0A6A9E17FF0B}.Debug|Any CPU.ActiveCfg = Debug|Any CPU
		{74A62A32-D5F3-4E42-BF9E-0A6A9E17FF0B}.Debug|Any CPU.Build.0 = Debug|Any CPU
		{74A62A32-D5F3-4E42-BF9E-0A6A9E17FF0B}.Release|Any CPU.ActiveCfg = Release|Any CPU
		{74A62A32-D5F3-4E42-BF9E-0A6A9E17FF0B}.Release|Any CPU.Build.0 = Release|Any CPU
		{2CF61EA3-6887-4780-9962-B329122A83CD}.Debug|Any CPU.ActiveCfg = Debug|Any CPU
		{2CF61EA3-6887-4780-9962-B329122A83CD}.Debug|Any CPU.Build.0 = Debug|Any CPU
		{2CF61EA3-6887-4780-9962-B329122A83CD}.Release|Any CPU.ActiveCfg = Release|Any CPU
		{2CF61EA3-6887-4780-9962-B329122A83CD}.Release|Any CPU.Build.0 = Release|Any CPU
		{8EBBCE9E-1E5C-4D0D-95AF-21832363BC85}.Debug|Any CPU.ActiveCfg = Debug|Any CPU
		{8EBBCE9E-1E5C-4D0D-95AF-21832363BC85}.Debug|Any CPU.Build.0 = Debug|Any CPU
		{8EBBCE9E-1E5C-4D0D-95AF-21832363BC85}.Release|Any CPU.ActiveCfg = Release|Any CPU
		{8EBBCE9E-1E5C-4D0D-95AF-21832363BC85}.Release|Any CPU.Build.0 = Release|Any CPU
	EndGlobalSection
EndGlobal
